
Microsoft Visual Studio Solution File, Format Version 12.00
# Visual Studio Version 16
VisualStudioVersion = 16.0.30104.148
MinimumVisualStudioVersion = 10.0.40219.1
Project("{6EC3EE1D-3C4E-46DD-8F32-0CC8E7565705}") = "ModTemplate", "ModTemplate\ModTemplate.fsproj", "{5B15F172-E6AF-4EC6-A1D1-5CFF7E1B38C6}"
EndProject
Project("{6EC3EE1D-3C4E-46DD-8F32-0CC8E7565705}") = "R2L", "R2L\R2L.fsproj", "{8B21A418-E160-4670-976B-B2F27977F98F}"
EndProject
Project("{2150E333-8FDC-42A3-9474-1A3956D46DE8}") = "__Standalone", "__Standalone", "{7EA2C350-5360-4258-B42E-62623D8E26A4}"
	ProjectSection(SolutionItems) = preProject
		__Standalone\Mappings.fs = __Standalone\Mappings.fs
		__Standalone\Operators.fs = __Standalone\Operators.fs
	EndProjectSection
EndProject
Project("{2150E333-8FDC-42A3-9474-1A3956D46DE8}") = "R2L", "R2L", "{8B9F1043-4D4B-4FEB-8BBB-ACAE19FD3B04}"
EndProject
Project("{6EC3EE1D-3C4E-46DD-8F32-0CC8E7565705}") = "R2L_Tests", "R2L_Tests\R2L_Tests.fsproj", "{0CDF4888-9148-4FD2-A7CB-DA2825F1C8FB}"
EndProject
Project("{2150E333-8FDC-42A3-9474-1A3956D46DE8}") = "Solution Items", "Solution Items", "{11F9F3DC-C3EE-4F9B-90BD-138502977EFC}"
	ProjectSection(SolutionItems) = preProject
		DisabledCode.txt = DisabledCode.txt
	EndProjectSection
EndProject
Global
	GlobalSection(SolutionConfigurationPlatforms) = preSolution
		Debug|Any CPU = Debug|Any CPU
		Release|Any CPU = Release|Any CPU
	EndGlobalSection
	GlobalSection(ProjectConfigurationPlatforms) = postSolution
		{5B15F172-E6AF-4EC6-A1D1-5CFF7E1B38C6}.Debug|Any CPU.ActiveCfg = Debug|Any CPU
		{5B15F172-E6AF-4EC6-A1D1-5CFF7E1B38C6}.Debug|Any CPU.Build.0 = Debug|Any CPU
		{5B15F172-E6AF-4EC6-A1D1-5CFF7E1B38C6}.Release|Any CPU.ActiveCfg = Release|Any CPU
		{5B15F172-E6AF-4EC6-A1D1-5CFF7E1B38C6}.Release|Any CPU.Build.0 = Release|Any CPU
		{8B21A418-E160-4670-976B-B2F27977F98F}.Debug|Any CPU.ActiveCfg = Debug|Any CPU
		{8B21A418-E160-4670-976B-B2F27977F98F}.Debug|Any CPU.Build.0 = Debug|Any CPU
		{8B21A418-E160-4670-976B-B2F27977F98F}.Release|Any CPU.ActiveCfg = Release|Any CPU
		{8B21A418-E160-4670-976B-B2F27977F98F}.Release|Any CPU.Build.0 = Release|Any CPU
		{0CDF4888-9148-4FD2-A7CB-DA2825F1C8FB}.Debug|Any CPU.ActiveCfg = Debug|Any CPU
		{0CDF4888-9148-4FD2-A7CB-DA2825F1C8FB}.Debug|Any CPU.Build.0 = Debug|Any CPU
		{0CDF4888-9148-4FD2-A7CB-DA2825F1C8FB}.Release|Any CPU.ActiveCfg = Release|Any CPU
		{0CDF4888-9148-4FD2-A7CB-DA2825F1C8FB}.Release|Any CPU.Build.0 = Release|Any CPU
	EndGlobalSection
	GlobalSection(SolutionProperties) = preSolution
		HideSolutionNode = FALSE
	EndGlobalSection
	GlobalSection(NestedProjects) = preSolution
		{8B21A418-E160-4670-976B-B2F27977F98F} = {8B9F1043-4D4B-4FEB-8BBB-ACAE19FD3B04}
		{0CDF4888-9148-4FD2-A7CB-DA2825F1C8FB} = {8B9F1043-4D4B-4FEB-8BBB-ACAE19FD3B04}
	EndGlobalSection
	GlobalSection(ExtensibilityGlobals) = postSolution
		SolutionGuid = {9A8B3DDF-3AFC-479A-A89D-C86A72EFA4BC}
	EndGlobalSection
EndGlobal
